
Microsoft Visual Studio Solution File, Format Version 12.00
# Visual Studio 14
VisualStudioVersion = 14.0.24720.0
MinimumVisualStudioVersion = 10.0.40219.1
Project("{FAE04EC0-301F-11D3-BF4B-00C04F79EFBC}") = "CsTasks", "CsTasks\CsTasks.csproj", "{761BBB56-C569-46D0-90AC-CB258B72D371}"
EndProject
Project("{8BC9CEB8-8B4A-11D0-8D11-00A0C91BC942}") = "CppTasks", "CppTasks\CppTasks.vcxproj", "{97497D3D-D491-4482-BCF6-92642E65C907}"
EndProject
Global
	GlobalSection(SolutionConfigurationPlatforms) = preSolution
		Debug|Any CPU = Debug|Any CPU
		Debug|x64 = Debug|x64
		Debug|x86 = Debug|x86
		Release|Any CPU = Release|Any CPU
		Release|x64 = Release|x64
		Release|x86 = Release|x86
	EndGlobalSection
	GlobalSection(ProjectConfigurationPlatforms) = postSolution
		{761BBB56-C569-46D0-90AC-CB258B72D371}.Debug|Any CPU.ActiveCfg = Debug|Any CPU
		{761BBB56-C569-46D0-90AC-CB258B72D371}.Debug|Any CPU.Build.0 = Debug|Any CPU
		{761BBB56-C569-46D0-90AC-CB258B72D371}.Debug|x64.ActiveCfg = Debug|Any CPU
		{761BBB56-C569-46D0-90AC-CB258B72D371}.Debug|x64.Build.0 = Debug|Any CPU
		{761BBB56-C569-46D0-90AC-CB258B72D371}.Debug|x86.ActiveCfg = Debug|Any CPU
		{761BBB56-C569-46D0-90AC-CB258B72D371}.Debug|x86.Build.0 = Debug|Any CPU
		{761BBB56-C569-46D0-90AC-CB258B72D371}.Release|Any CPU.ActiveCfg = Release|Any CPU
		{761BBB56-C569-46D0-90AC-CB258B72D371}.Release|Any CPU.Build.0 = Release|Any CPU
		{761BBB56-C569-46D0-90AC-CB258B72D371}.Release|x64.ActiveCfg = Release|Any CPU
		{761BBB56-C569-46D0-90AC-CB258B72D371}.Release|x64.Build.0 = Release|Any CPU
		{761BBB56-C569-46D0-90AC-CB258B72D371}.Release|x86.ActiveCfg = Release|Any CPU
		{761BBB56-C569-46D0-90AC-CB258B72D371}.Release|x86.Build.0 = Release|Any CPU
		{97497D3D-D491-4482-BCF6-92642E65C907}.Debug|Any CPU.ActiveCfg = Debug|Win32
		{97497D3D-D491-4482-BCF6-92642E65C907}.Debug|Any CPU.Build.0 = Debug|Win32
		{97497D3D-D491-4482-BCF6-92642E65C907}.Debug|x64.ActiveCfg = Debug|x64
		{97497D3D-D491-4482-BCF6-92642E65C907}.Debug|x64.Build.0 = Debug|x64
		{97497D3D-D491-4482-BCF6-92642E65C907}.Debug|x86.ActiveCfg = Debug|Win32
		{97497D3D-D491-4482-BCF6-92642E65C907}.Debug|x86.Build.0 = Debug|Win32
		{97497D3D-D491-4482-BCF6-92642E65C907}.Release|Any CPU.ActiveCfg = Release|Win32
		{97497D3D-D491-4482-BCF6-92642E65C907}.Release|Any CPU.Build.0 = Release|Win32
		{97497D3D-D491-4482-BCF6-92642E65C907}.Release|x64.ActiveCfg = Release|x64
		{97497D3D-D491-4482-BCF6-92642E65C907}.Release|x64.Build.0 = Release|x64
		{97497D3D-D491-4482-BCF6-92642E65C907}.Release|x86.ActiveCfg = Release|Win32
		{97497D3D-D491-4482-BCF6-92642E65C907}.Release|x86.Build.0 = Release|Win32
	EndGlobalSection
	GlobalSection(SolutionProperties) = preSolution
		HideSolutionNode = FALSE
	EndGlobalSection
EndGlobal
